
Microsoft Visual Studio Solution File, Format Version 12.00
# Visual Studio 15
VisualStudioVersion = 15.0.28010.2019
MinimumVisualStudioVersion = 10.0.40219.1
Project("{FAE04EC0-301F-11D3-BF4B-00C04F79EFBC}") = "FinalRecycleProject", "FinalRecycleProject\FinalRecycleProject.csproj", "{35EC24C6-4C73-45B6-83A0-EC090E22F806}"
EndProject
Project("{FAE04EC0-301F-11D3-BF4B-00C04F79EFBC}") = "FinalRecycleProjectTests", "FinalRecycleProjectTests\FinalRecycleProjectTests.csproj", "{2BEE1679-16CA-4693-BEB8-1FFCCF296146}"
EndProject
Global
	GlobalSection(SolutionConfigurationPlatforms) = preSolution
		Debug|Any CPU = Debug|Any CPU
		Release|Any CPU = Release|Any CPU
	EndGlobalSection
	GlobalSection(ProjectConfigurationPlatforms) = postSolution
		{35EC24C6-4C73-45B6-83A0-EC090E22F806}.Debug|Any CPU.ActiveCfg = Debug|Any CPU
		{35EC24C6-4C73-45B6-83A0-EC090E22F806}.Debug|Any CPU.Build.0 = Debug|Any CPU
		{35EC24C6-4C73-45B6-83A0-EC090E22F806}.Release|Any CPU.ActiveCfg = Release|Any CPU
		{35EC24C6-4C73-45B6-83A0-EC090E22F806}.Release|Any CPU.Build.0 = Release|Any CPU
		{2BEE1679-16CA-4693-BEB8-1FFCCF296146}.Debug|Any CPU.ActiveCfg = Debug|Any CPU
		{2BEE1679-16CA-4693-BEB8-1FFCCF296146}.Debug|Any CPU.Build.0 = Debug|Any CPU
		{2BEE1679-16CA-4693-BEB8-1FFCCF296146}.Release|Any CPU.ActiveCfg = Release|Any CPU
		{2BEE1679-16CA-4693-BEB8-1FFCCF296146}.Release|Any CPU.Build.0 = Release|Any CPU
	EndGlobalSection
	GlobalSection(SolutionProperties) = preSolution
		HideSolutionNode = FALSE
	EndGlobalSection
	GlobalSection(ExtensibilityGlobals) = postSolution
		SolutionGuid = {0954879F-D15C-4ADB-813F-7D569C1BD480}
	EndGlobalSection
EndGlobal
